
Microsoft Visual Studio Solution File, Format Version 12.00
# Visual Studio Version 16
VisualStudioVersion = 16.0.34407.143
MinimumVisualStudioVersion = 10.0.40219.1
Project("{FAE04EC0-301F-11D3-BF4B-00C04F79EFBC}") = "SAMGS", "SAMGS.csproj", "{BB6C2B27-1AEF-4A2D-9FDE-3A144FB1B92C}"
EndProject
Project("{FAE04EC0-301F-11D3-BF4B-00C04F79EFBC}") = "DataBase", "DataBase\DataBase.csproj", "{2623F559-A0DC-4FD5-8234-3DCA5395EC2A}"
EndProject
Project("{FAE04EC0-301F-11D3-BF4B-00C04F79EFBC}") = "BussinesLogic", "BussinesLogic\BussinesLogic.csproj", "{3E018A71-95B9-4145-8214-BB141975C4A0}"
EndProject
Project("{FAE04EC0-301F-11D3-BF4B-00C04F79EFBC}") = "Modelos", "Modelos\Modelos.csproj", "{C16FDB54-2BAD-4180-9E64-083EA80B57B6}"
EndProject
Global
	GlobalSection(SolutionConfigurationPlatforms) = preSolution
		Debug|Any CPU = Debug|Any CPU
		Release|Any CPU = Release|Any CPU
	EndGlobalSection
	GlobalSection(ProjectConfigurationPlatforms) = postSolution
		{BB6C2B27-1AEF-4A2D-9FDE-3A144FB1B92C}.Debug|Any CPU.ActiveCfg = Debug|Any CPU
		{BB6C2B27-1AEF-4A2D-9FDE-3A144FB1B92C}.Debug|Any CPU.Build.0 = Debug|Any CPU
		{BB6C2B27-1AEF-4A2D-9FDE-3A144FB1B92C}.Release|Any CPU.ActiveCfg = Release|Any CPU
		{BB6C2B27-1AEF-4A2D-9FDE-3A144FB1B92C}.Release|Any CPU.Build.0 = Release|Any CPU
		{2623F559-A0DC-4FD5-8234-3DCA5395EC2A}.Debug|Any CPU.ActiveCfg = Debug|Any CPU
		{2623F559-A0DC-4FD5-8234-3DCA5395EC2A}.Debug|Any CPU.Build.0 = Debug|Any CPU
		{2623F559-A0DC-4FD5-8234-3DCA5395EC2A}.Release|Any CPU.ActiveCfg = Release|Any CPU
		{2623F559-A0DC-4FD5-8234-3DCA5395EC2A}.Release|Any CPU.Build.0 = Release|Any CPU
		{3E018A71-95B9-4145-8214-BB141975C4A0}.Debug|Any CPU.ActiveCfg = Debug|Any CPU
		{3E018A71-95B9-4145-8214-BB141975C4A0}.Debug|Any CPU.Build.0 = Debug|Any CPU
		{3E018A71-95B9-4145-8214-BB141975C4A0}.Release|Any CPU.ActiveCfg = Release|Any CPU
		{3E018A71-95B9-4145-8214-BB141975C4A0}.Release|Any CPU.Build.0 = Release|Any CPU
		{C16FDB54-2BAD-4180-9E64-083EA80B57B6}.Debug|Any CPU.ActiveCfg = Debug|Any CPU
		{C16FDB54-2BAD-4180-9E64-083EA80B57B6}.Debug|Any CPU.Build.0 = Debug|Any CPU
		{C16FDB54-2BAD-4180-9E64-083EA80B57B6}.Release|Any CPU.ActiveCfg = Release|Any CPU
		{C16FDB54-2BAD-4180-9E64-083EA80B57B6}.Release|Any CPU.Build.0 = Release|Any CPU
	EndGlobalSection
	GlobalSection(SolutionProperties) = preSolution
		HideSolutionNode = FALSE
	EndGlobalSection
	GlobalSection(ExtensibilityGlobals) = postSolution
		SolutionGuid = {A37C47F3-2D4A-4A9A-B838-DBB644F93556}
	EndGlobalSection
EndGlobal
